
Microsoft Visual Studio Solution File, Format Version 12.00
# Visual Studio Version 17
VisualStudioVersion = 17.11.35303.130
MinimumVisualStudioVersion = 10.0.40219.1
Project("{9A19103F-16F7-4668-BE54-9A1E7A4F7556}") = "DemoBlazorServerRecipe", "DemoBlazorServerRecipe\DemoBlazorServerRecipe.csproj", "{815CB896-5DB5-4785-86C7-E80256C6CC4F}"
EndProject
Global
	GlobalSection(SolutionConfigurationPlatforms) = preSolution
		Debug|Any CPU = Debug|Any CPU
		Release|Any CPU = Release|Any CPU
	EndGlobalSection
	GlobalSection(ProjectConfigurationPlatforms) = postSolution
		{815CB896-5DB5-4785-86C7-E80256C6CC4F}.Debug|Any CPU.ActiveCfg = Debug|Any CPU
		{815CB896-5DB5-4785-86C7-E80256C6CC4F}.Debug|Any CPU.Build.0 = Debug|Any CPU
		{815CB896-5DB5-4785-86C7-E80256C6CC4F}.Release|Any CPU.ActiveCfg = Release|Any CPU
		{815CB896-5DB5-4785-86C7-E80256C6CC4F}.Release|Any CPU.Build.0 = Release|Any CPU
	EndGlobalSection
	GlobalSection(SolutionProperties) = preSolution
		HideSolutionNode = FALSE
	EndGlobalSection
	GlobalSection(ExtensibilityGlobals) = postSolution
		SolutionGuid = {40D3F0CA-DB67-4716-96AB-ADAC649DE7EE}
	EndGlobalSection
EndGlobal
